// !$*UTF8*$!
{
	archiveVersion = 1;
	classes = {
	};
	objectVersion = 77;
	objects = {

/* Begin PBXBuildFile section */
		D45342C630545C0900A1AC1F /* Cocoa.framework in Frameworks */ = {isa = PBXBuildFile; fileRef = D45342C530545C0900A1AC1F /* Cocoa.framework */; };
		D45342D130545C0900A1AC1F /* WraptureExt.appex in Embed Foundation Extensions */ = {isa = PBXBuildFile; fileRef = D45342C330545C0900A1AC1F /* WraptureExt.appex */; settings = {ATTRIBUTES = (RemoveHeadersOnCopy, ); }; };
		D45342E730545F1C00A1AC1F /* XcodeKit.framework in Frameworks */ = {isa = PBXBuildFile; fileRef = D45342C730545C0900A1AC1F /* XcodeKit.framework */; };
		D45342E830545F1C00A1AC1F /* XcodeKit.framework in Embed Frameworks */ = {isa = PBXBuildFile; fileRef = D45342C730545C0900A1AC1F /* XcodeKit.framework */; settings = {ATTRIBUTES = (CodeSignOnCopy, RemoveHeadersOnCopy, ); }; };
		D46B21C130549E580028495C /* README.md in Resources */ = {isa = PBXBuildFile; fileRef = D46B21C030549E580028495C /* README.md */; };
/* End PBXBuildFile section */

/* Begin PBXContainerItemProxy section */
		D45342CF30545C0900A1AC1F /* PBXContainerItemProxy */ = {
			isa = PBXContainerItemProxy;
			containerPortal = D44590B530545AF400D4522D /* Project object */;
			proxyType = 1;
			remoteGlobalIDString = D45342C230545C0900A1AC1F;
			remoteInfo = WraptureExt;
		};
		D45342DF30545C9C00A1AC1F /* PBXContainerItemProxy */ = {
			isa = PBXContainerItemProxy;
			containerPortal = D44590B530545AF400D4522D /* Project object */;
			proxyType = 1;
			remoteGlobalIDString = D44590BC30545AF400D4522D;
			remoteInfo = Wrapture;
		};
/* End PBXContainerItemProxy section */

/* Begin PBXCopyFilesBuildPhase section */
		D45342D230545C0900A1AC1F /* Embed Foundation Extensions */ = {
			isa = PBXCopyFilesBuildPhase;
			buildActionMask = 2147483647;
			dstPath = "";
			dstSubfolderSpec = 13;
			files = (
				D45342D130545C0900A1AC1F /* WraptureExt.appex in Embed Foundation Extensions */,
			);
			name = "Embed Foundation Extensions";
			runOnlyForDeploymentPostprocessing = 0;
		};
		D45342E930545F1C00A1AC1F /* Embed Frameworks */ = {
			isa = PBXCopyFilesBuildPhase;
			buildActionMask = 2147483647;
			dstPath = "";
			dstSubfolderSpec = 10;
			files = (
				D45342E830545F1C00A1AC1F /* XcodeKit.framework in Embed Frameworks */,
			);
			name = "Embed Frameworks";
			runOnlyForDeploymentPostprocessing = 0;
		};
/* End PBXCopyFilesBuildPhase section */

/* Begin PBXFileReference section */
		D44590BD30545AF400D4522D /* Wrapture.app */ = {isa = PBXFileReference; explicitFileType = wrapper.application; includeInIndex = 0; path = Wrapture.app; sourceTree = BUILT_PRODUCTS_DIR; };
		D45342C330545C0900A1AC1F /* WraptureExt.appex */ = {isa = PBXFileReference; explicitFileType = "wrapper.app-extension"; includeInIndex = 0; path = WraptureExt.appex; sourceTree = BUILT_PRODUCTS_DIR; };
		D45342C530545C0900A1AC1F /* Cocoa.framework */ = {isa = PBXFileReference; lastKnownFileType = wrapper.framework; name = Cocoa.framework; path = System/Library/Frameworks/Cocoa.framework; sourceTree = SDKROOT; };
		D45342C730545C0900A1AC1F /* XcodeKit.framework */ = {isa = PBXFileReference; lastKnownFileType = wrapper.framework; name = XcodeKit.framework; path = Library/Frameworks/XcodeKit.framework; sourceTree = DEVELOPER_DIR; };
		D45342DB30545C9C00A1AC1F /* WraptureExtTests.xctest */ = {isa = PBXFileReference; explicitFileType = wrapper.cfbundle; includeInIndex = 0; path = WraptureExtTests.xctest; sourceTree = BUILT_PRODUCTS_DIR; };
		D45342E430545CB400A1AC1F /* WraptureExt.xctestplan */ = {isa = PBXFileReference; lastKnownFileType = text; path = WraptureExt.xctestplan; sourceTree = "<group>"; };
		D46B21C030549E580028495C /* README.md */ = {isa = PBXFileReference; lastKnownFileType = net.daringfireball.markdown; path = README.md; sourceTree = "<group>"; };
/* End PBXFileReference section */

/* Begin PBXFileSystemSynchronizedBuildFileExceptionSet section */
		D45342D530545C0900A1AC1F /* Exceptions for "WraptureExt" folder in "WraptureExt" target */ = {
			isa = PBXFileSystemSynchronizedBuildFileExceptionSet;
			membershipExceptions = (
				Info.plist,
			);
			target = D45342C230545C0900A1AC1F /* WraptureExt */;
		};
/* End PBXFileSystemSynchronizedBuildFileExceptionSet section */

/* Begin PBXFileSystemSynchronizedRootGroup section */
		D44590BF30545AF400D4522D /* Wrapture */ = {
			isa = PBXFileSystemSynchronizedRootGroup;
			path = Wrapture;
			sourceTree = "<group>";
		};
		D45342C930545C0900A1AC1F /* WraptureExt */ = {
			isa = PBXFileSystemSynchronizedRootGroup;
			exceptions = (
				D45342D530545C0900A1AC1F /* Exceptions for "WraptureExt" folder in "WraptureExt" target */,
			);
			path = WraptureExt;
			sourceTree = "<group>";
		};
		D45342DC30545C9C00A1AC1F /* WraptureExtTests */ = {
			isa = PBXFileSystemSynchronizedRootGroup;
			path = WraptureExtTests;
			sourceTree = "<group>";
		};
/* End PBXFileSystemSynchronizedRootGroup section */

/* Begin PBXFrameworksBuildPhase section */
		D44590BA30545AF400D4522D /* Frameworks */ = {
			isa = PBXFrameworksBuildPhase;
			buildActionMask = 2147483647;
			files = (
			);
			runOnlyForDeploymentPostprocessing = 0;
		};
		D45342C030545C0900A1AC1F /* Frameworks */ = {
			isa = PBXFrameworksBuildPhase;
			buildActionMask = 2147483647;
			files = (
				D45342C630545C0900A1AC1F /* Cocoa.framework in Frameworks */,
				D45342E730545F1C00A1AC1F /* XcodeKit.framework in Frameworks */,
			);
			runOnlyForDeploymentPostprocessing = 0;
		};
		D45342D830545C9C00A1AC1F /* Frameworks */ = {
			isa = PBXFrameworksBuildPhase;
			buildActionMask = 2147483647;
			files = (
			);
			runOnlyForDeploymentPostprocessing = 0;
		};
/* End PBXFrameworksBuildPhase section */

/* Begin PBXGroup section */
		D44590B430545AF400D4522D = {
			isa = PBXGroup;
			children = (
				D45342E430545CB400A1AC1F /* WraptureExt.xctestplan */,
				D44590BF30545AF400D4522D /* Wrapture */,
				D45342C930545C0900A1AC1F /* WraptureExt */,
				D45342DC30545C9C00A1AC1F /* WraptureExtTests */,
				D45342C430545C0900A1AC1F /* Frameworks */,
				D44590BE30545AF400D4522D /* Products */,
				D46B21C030549E580028495C /* README.md */,
			);
			sourceTree = "<group>";
		};
		D44590BE30545AF400D4522D /* Products */ = {
			isa = PBXGroup;
			children = (
				D44590BD30545AF400D4522D /* Wrapture.app */,
				D45342C330545C0900A1AC1F /* WraptureExt.appex */,
				D45342DB30545C9C00A1AC1F /* WraptureExtTests.xctest */,
			);
			name = Products;
			sourceTree = "<group>";
		};
		D45342C430545C0900A1AC1F /* Frameworks */ = {
			isa = PBXGroup;
			children = (
				D45342C530545C0900A1AC1F /* Cocoa.framework */,
				D45342C730545C0900A1AC1F /* XcodeKit.framework */,
			);
			name = Frameworks;
			sourceTree = "<group>";
		};
/* End PBXGroup section */

/* Begin PBXNativeTarget section */
		D44590BC30545AF400D4522D /* Wrapture */ = {
			isa = PBXNativeTarget;
			buildConfigurationList = D44590DE30545AF500D4522D /* Build configuration list for PBXNativeTarget "Wrapture" */;
			buildPhases = (
				D44590B930545AF400D4522D /* Sources */,
				D44590BA30545AF400D4522D /* Frameworks */,
				D44590BB30545AF400D4522D /* Resources */,
				D45342D230545C0900A1AC1F /* Embed Foundation Extensions */,
			);
			buildRules = (
			);
			dependencies = (
				D45342D030545C0900A1AC1F /* PBXTargetDependency */,
			);
			fileSystemSynchronizedGroups = (
				D44590BF30545AF400D4522D /* Wrapture */,
			);
			name = Wrapture;
			packageProductDependencies = (
			);
			productName = Wrapture;
			productReference = D44590BD30545AF400D4522D /* Wrapture.app */;
			productType = "com.apple.product-type.application";
		};
		D45342C230545C0900A1AC1F /* WraptureExt */ = {
			isa = PBXNativeTarget;
			buildConfigurationList = D45342D630545C0900A1AC1F /* Build configuration list for PBXNativeTarget "WraptureExt" */;
			buildPhases = (
				D45342BF30545C0900A1AC1F /* Sources */,
				D45342C030545C0900A1AC1F /* Frameworks */,
				D45342C130545C0900A1AC1F /* Resources */,
				D45342E930545F1C00A1AC1F /* Embed Frameworks */,
			);
			buildRules = (
			);
			dependencies = (
			);
			fileSystemSynchronizedGroups = (
				D45342C930545C0900A1AC1F /* WraptureExt */,
			);
			name = WraptureExt;
			packageProductDependencies = (
			);
			productName = WraptureExt;
			productReference = D45342C330545C0900A1AC1F /* WraptureExt.appex */;
			productType = "com.apple.product-type.xcode-extension";
		};
		D45342DA30545C9C00A1AC1F /* WraptureExtTests */ = {
			isa = PBXNativeTarget;
			buildConfigurationList = D45342E130545C9C00A1AC1F /* Build configuration list for PBXNativeTarget "WraptureExtTests" */;
			buildPhases = (
				D45342D730545C9C00A1AC1F /* Sources */,
				D45342D830545C9C00A1AC1F /* Frameworks */,
				D45342D930545C9C00A1AC1F /* Resources */,
			);
			buildRules = (
			);
			dependencies = (
				D45342E030545C9C00A1AC1F /* PBXTargetDependency */,
			);
			fileSystemSynchronizedGroups = (
				D45342DC30545C9C00A1AC1F /* WraptureExtTests */,
			);
			name = WraptureExtTests;
			packageProductDependencies = (
			);
			productName = WraptureExtTests;
			productReference = D45342DB30545C9C00A1AC1F /* WraptureExtTests.xctest */;
			productType = "com.apple.product-type.bundle.unit-test";
		};
/* End PBXNativeTarget section */

/* Begin PBXProject section */
		D44590B530545AF400D4522D /* Project object */ = {
			isa = PBXProject;
			attributes = {
				BuildIndependentTargetsInParallel = 1;
				LastSwiftUpdateCheck = 2660;
				LastUpgradeCheck = 2660;
				TargetAttributes = {
					D44590BC30545AF400D4522D = {
						CreatedOnToolsVersion = 26.6;
					};
					D45342C230545C0900A1AC1F = {
						CreatedOnToolsVersion = 26.6;
					};
					D45342DA30545C9C00A1AC1F = {
						CreatedOnToolsVersion = 26.6;
						TestTargetID = D44590BC30545AF400D4522D;
					};
				};
			};
			buildConfigurationList = D44590B830545AF400D4522D /* Build configuration list for PBXProject "Wrapture" */;
			developmentRegion = en;
			hasScannedForEncodings = 0;
			knownRegions = (
				en,
				Base,
			);
			mainGroup = D44590B430545AF400D4522D;
			minimizedProjectReferenceProxies = 1;
			preferredProjectObjectVersion = 77;
			productRefGroup = D44590BE30545AF400D4522D /* Products */;
			projectDirPath = "";
			projectRoot = "";
			targets = (
				D44590BC30545AF400D4522D /* Wrapture */,
				D45342C230545C0900A1AC1F /* WraptureExt */,
				D45342DA30545C9C00A1AC1F /* WraptureExtTests */,
			);
		};
/* End PBXProject section */

/* Begin PBXResourcesBuildPhase section */
		D44590BB30545AF400D4522D /* Resources */ = {
			isa = PBXResourcesBuildPhase;
			buildActionMask = 2147483647;
			files = (
				D46B21C130549E580028495C /* README.md in Resources */,
			);
			runOnlyForDeploymentPostprocessing = 0;
		};
		D45342C130545C0900A1AC1F /* Resources */ = {
			isa = PBXResourcesBuildPhase;
			buildActionMask = 2147483647;
			files = (
			);
			runOnlyForDeploymentPostprocessing = 0;
		};
		D45342D930545C9C00A1AC1F /* Resources */ = {
			isa = PBXResourcesBuildPhase;
			buildActionMask = 2147483647;
			files = (
			);
			runOnlyForDeploymentPostprocessing = 0;
		};
/* End PBXResourcesBuildPhase section */

/* Begin PBXSourcesBuildPhase section */
		D44590B930545AF400D4522D /* Sources */ = {
			isa = PBXSourcesBuildPhase;
			buildActionMask = 2147483647;
			files = (
			);
			runOnlyForDeploymentPostprocessing = 0;
		};
		D45342BF30545C0900A1AC1F /* Sources */ = {
			isa = PBXSourcesBuildPhase;
			buildActionMask = 2147483647;
			files = (
			);
			runOnlyForDeploymentPostprocessing = 0;
		};
		D45342D730545C9C00A1AC1F /* Sources */ = {
			isa = PBXSourcesBuildPhase;
			buildActionMask = 2147483647;
			files = (
			);
			runOnlyForDeploymentPostprocessing = 0;
		};
/* End PBXSourcesBuildPhase section */

/* Begin PBXTargetDependency section */
		D45342D030545C0900A1AC1F /* PBXTargetDependency */ = {
			isa = PBXTargetDependency;
			target = D45342C230545C0900A1AC1F /* WraptureExt */;
			targetProxy = D45342CF30545C0900A1AC1F /* PBXContainerItemProxy */;
		};
		D45342E030545C9C00A1AC1F /* PBXTargetDependency */ = {
			isa = PBXTargetDependency;
			target = D44590BC30545AF400D4522D /* Wrapture */;
			targetProxy = D45342DF30545C9C00A1AC1F /* PBXContainerItemProxy */;
		};
/* End PBXTargetDependency section */

/* Begin XCBuildConfiguration section */
		D44590DC30545AF500D4522D /* Debug */ = {
			isa = XCBuildConfiguration;
			buildSettings = {
				ALWAYS_SEARCH_USER_PATHS = NO;
				ASSETCATALOG_COMPILER_GENERATE_SWIFT_ASSET_SYMBOL_EXTENSIONS = YES;
				CLANG_ANALYZER_NONNULL = YES;
				CLANG_ANALYZER_NUMBER_OBJECT_CONVERSION = YES_AGGRESSIVE;
				CLANG_CXX_LANGUAGE_STANDARD = "gnu++20";
				CLANG_ENABLE_MODULES = YES;
				CLANG_ENABLE_OBJC_ARC = YES;
				CLANG_ENABLE_OBJC_WEAK = YES;
				CLANG_WARN_BLOCK_CAPTURE_AUTORELEASING = YES;
				CLANG_WARN_BOOL_CONVERSION = YES;
				CLANG_WARN_COMMA = YES;
				CLANG_WARN_CONSTANT_CONVERSION = YES;
				CLANG_WARN_DEPRECATED_OBJC_IMPLEMENTATIONS = YES;
				CLANG_WARN_DIRECT_OBJC_ISA_USAGE = YES_ERROR;
				CLANG_WARN_DOCUMENTATION_COMMENTS = YES;
				CLANG_WARN_EMPTY_BODY = YES;
				CLANG_WARN_ENUM_CONVERSION = YES;
				CLANG_WARN_INFINITE_RECURSION = YES;
				CLANG_WARN_INT_CONVERSION = YES;
				CLANG_WARN_NON_LITERAL_NULL_CONVERSION = YES;
				CLANG_WARN_OBJC_IMPLICIT_RETAIN_SELF = YES;
				CLANG_WARN_OBJC_LITERAL_CONVERSION = YES;
				CLANG_WARN_OBJC_ROOT_CLASS = YES_ERROR;
				CLANG_WARN_QUOTED_INCLUDE_IN_FRAMEWORK_HEADER = YES;
				CLANG_WARN_RANGE_LOOP_ANALYSIS = YES;
				CLANG_WARN_STRICT_PROTOTYPES = YES;
				CLANG_WARN_SUSPICIOUS_MOVE = YES;
				CLANG_WARN_UNGUARDED_AVAILABILITY = YES_AGGRESSIVE;
				CLANG_WARN_UNREACHABLE_CODE = YES;
				CLANG_WARN__DUPLICATE_METHOD_MATCH = YES;
				COPY_PHASE_STRIP = NO;
				DEBUG_INFORMATION_FORMAT = dwarf;
				DEVELOPMENT_TEAM = T2D87DH5Q3;
				ENABLE_STRICT_OBJC_MSGSEND = YES;
				ENABLE_TESTABILITY = YES;
				ENABLE_USER_SCRIPT_SANDBOXING = YES;
				GCC_C_LANGUAGE_STANDARD = gnu17;
				GCC_DYNAMIC_NO_PIC = NO;
				GCC_NO_COMMON_BLOCKS = YES;
				GCC_OPTIMIZATION_LEVEL = 0;
				GCC_PREPROCESSOR_DEFINITIONS = (
					"DEBUG=1",
					"$(inherited)",
				);
				GCC_WARN_64_TO_32_BIT_CONVERSION = YES;
				GCC_WARN_ABOUT_RETURN_TYPE = YES_ERROR;
				GCC_WARN_UNDECLARED_SELECTOR = YES;
				GCC_WARN_UNINITIALIZED_AUTOS = YES_AGGRESSIVE;
				GCC_WARN_UNUSED_FUNCTION = YES;
				GCC_WARN_UNUSED_VARIABLE = YES;
				LOCALIZATION_PREFERS_STRING_CATALOGS = YES;
				MACOSX_DEPLOYMENT_TARGET = 26.5;
				MTL_ENABLE_DEBUG_INFO = INCLUDE_SOURCE;
				MTL_FAST_MATH = YES;
				ONLY_ACTIVE_ARCH = YES;
				SDKROOT = macosx;
				SWIFT_ACTIVE_COMPILATION_CONDITIONS = "DEBUG $(inherited)";
				SWIFT_OPTIMIZATION_LEVEL = "-Onone";
			};
			name = Debug;
		};
		D44590DD30545AF500D4522D /* Release */ = {
			isa = XCBuildConfiguration;
			buildSettings = {
				ALWAYS_SEARCH_USER_PATHS = NO;
				ASSETCATALOG_COMPILER_GENERATE_SWIFT_ASSET_SYMBOL_EXTENSIONS = YES;
				CLANG_ANALYZER_NONNULL = YES;
				CLANG_ANALYZER_NUMBER_OBJECT_CONVERSION = YES_AGGRESSIVE;
				CLANG_CXX_LANGUAGE_STANDARD = "gnu++20";
				CLANG_ENABLE_MODULES = YES;
				CLANG_ENABLE_OBJC_ARC = YES;
				CLANG_ENABLE_OBJC_WEAK = YES;
				CLANG_WARN_BLOCK_CAPTURE_AUTORELEASING = YES;
				CLANG_WARN_BOOL_CONVERSION = YES;
				CLANG_WARN_COMMA = YES;
				CLANG_WARN_CONSTANT_CONVERSION = YES;
				CLANG_WARN_DEPRECATED_OBJC_IMPLEMENTATIONS = YES;
				CLANG_WARN_DIRECT_OBJC_ISA_USAGE = YES_ERROR;
				CLANG_WARN_DOCUMENTATION_COMMENTS = YES;
				CLANG_WARN_EMPTY_BODY = YES;
				CLANG_WARN_ENUM_CONVERSION = YES;
				CLANG_WARN_INFINITE_RECURSION = YES;
				CLANG_WARN_INT_CONVERSION = YES;
				CLANG_WARN_NON_LITERAL_NULL_CONVERSION = YES;
				CLANG_WARN_OBJC_IMPLICIT_RETAIN_SELF = YES;
				CLANG_WARN_OBJC_LITERAL_CONVERSION = YES;
				CLANG_WARN_OBJC_ROOT_CLASS = YES_ERROR;
				CLANG_WARN_QUOTED_INCLUDE_IN_FRAMEWORK_HEADER = YES;
				CLANG_WARN_RANGE_LOOP_ANALYSIS = YES;
				CLANG_WARN_STRICT_PROTOTYPES = YES;
				CLANG_WARN_SUSPICIOUS_MOVE = YES;
				CLANG_WARN_UNGUARDED_AVAILABILITY = YES_AGGRESSIVE;
				CLANG_WARN_UNREACHABLE_CODE = YES;
				CLANG_WARN__DUPLICATE_METHOD_MATCH = YES;
				COPY_PHASE_STRIP = NO;
				DEBUG_INFORMATION_FORMAT = "dwarf-with-dsym";
				DEVELOPMENT_TEAM = T2D87DH5Q3;
				ENABLE_NS_ASSERTIONS = NO;
				ENABLE_STRICT_OBJC_MSGSEND = YES;
				ENABLE_USER_SCRIPT_SANDBOXING = YES;
				GCC_C_LANGUAGE_STANDARD = gnu17;
				GCC_NO_COMMON_BLOCKS = YES;
				GCC_WARN_64_TO_32_BIT_CONVERSION = YES;
				GCC_WARN_ABOUT_RETURN_TYPE = YES_ERROR;
				GCC_WARN_UNDECLARED_SELECTOR = YES;
				GCC_WARN_UNINITIALIZED_AUTOS = YES_AGGRESSIVE;
				GCC_WARN_UNUSED_FUNCTION = YES;
				GCC_WARN_UNUSED_VARIABLE = YES;
				LOCALIZATION_PREFERS_STRING_CATALOGS = YES;
				MACOSX_DEPLOYMENT_TARGET = 26.5;
				MTL_ENABLE_DEBUG_INFO = NO;
				MTL_FAST_MATH = YES;
				SDKROOT = macosx;
				SWIFT_COMPILATION_MODE = wholemodule;
			};
			name = Release;
		};
		D44590DF30545AF500D4522D /* Debug */ = {
			isa = XCBuildConfiguration;
			buildSettings = {
				ASSETCATALOG_COMPILER_APPICON_NAME = Wrapture;
				ASSETCATALOG_COMPILER_GLOBAL_ACCENT_COLOR_NAME = AccentColor;
				ASSETCATALOG_COMPILER_INCLUDE_ALL_APPICON_ASSETS = NO;
				CODE_SIGN_ENTITLEMENTS = Wrapture/Wrapture.entitlements;
				CODE_SIGN_STYLE = Automatic;
				COMBINE_HIDPI_IMAGES = YES;
				CURRENT_PROJECT_VERSION = 1;
				DEVELOPMENT_TEAM = T2D87DH5Q3;
				ENABLE_APP_SANDBOX = YES;
				ENABLE_HARDENED_RUNTIME = YES;
				ENABLE_PREVIEWS = YES;
				ENABLE_USER_SELECTED_FILES = readonly;
				GENERATE_INFOPLIST_FILE = YES;
				INFOPLIST_KEY_ITSAppUsesNonExemptEncryption = NO;
				INFOPLIST_KEY_LSApplicationCategoryType = "public.app-category.developer-tools";
				INFOPLIST_KEY_NSHumanReadableCopyright = "";
				LD_RUNPATH_SEARCH_PATHS = (
					"$(inherited)",
					"@executable_path/../Frameworks",
				);
				MARKETING_VERSION = 1.0;
				PRODUCT_BUNDLE_IDENTIFIER = com.robanderson.Wrapture;
				PRODUCT_NAME = "$(TARGET_NAME)";
				REGISTER_APP_GROUPS = YES;
				STRING_CATALOG_GENERATE_SYMBOLS = YES;
				SWIFT_APPROACHABLE_CONCURRENCY = YES;
				SWIFT_DEFAULT_ACTOR_ISOLATION = MainActor;
				SWIFT_EMIT_LOC_STRINGS = YES;
				SWIFT_UPCOMING_FEATURE_MEMBER_IMPORT_VISIBILITY = YES;
				SWIFT_VERSION = 5.0;
			};
			name = Debug;
		};
		D44590E030545AF500D4522D /* Release */ = {
			isa = XCBuildConfiguration;
			buildSettings = {
				ASSETCATALOG_COMPILER_APPICON_NAME = Wrapture;
				ASSETCATALOG_COMPILER_GLOBAL_ACCENT_COLOR_NAME = AccentColor;
				ASSETCATALOG_COMPILER_INCLUDE_ALL_APPICON_ASSETS = NO;
				CODE_SIGN_ENTITLEMENTS = Wrapture/Wrapture.entitlements;
				CODE_SIGN_STYLE = Automatic;
				COMBINE_HIDPI_IMAGES = YES;
				CURRENT_PROJECT_VERSION = 1;
				DEVELOPMENT_TEAM = T2D87DH5Q3;
				ENABLE_APP_SANDBOX = YES;
				ENABLE_HARDENED_RUNTIME = YES;
				ENABLE_PREVIEWS = YES;
				ENABLE_USER_SELECTED_FILES = readonly;
				GENERATE_INFOPLIST_FILE = YES;
				INFOPLIST_KEY_ITSAppUsesNonExemptEncryption = NO;
				INFOPLIST_KEY_LSApplicationCategoryType = "public.app-category.developer-tools";
				INFOPLIST_KEY_NSHumanReadableCopyright = "";
				LD_RUNPATH_SEARCH_PATHS = (
					"$(inherited)",
					"@executable_path/../Frameworks",
				);
				MARKETING_VERSION = 1.0;
				PRODUCT_BUNDLE_IDENTIFIER = com.robanderson.Wrapture;
				PRODUCT_NAME = "$(TARGET_NAME)";
				REGISTER_APP_GROUPS = YES;
				STRING_CATALOG_GENERATE_SYMBOLS = YES;
				SWIFT_APPROACHABLE_CONCURRENCY = YES;
				SWIFT_DEFAULT_ACTOR_ISOLATION = MainActor;
				SWIFT_EMIT_LOC_STRINGS = YES;
				SWIFT_UPCOMING_FEATURE_MEMBER_IMPORT_VISIBILITY = YES;
				SWIFT_VERSION = 5.0;
			};
			name = Release;
		};
		D45342D330545C0900A1AC1F /* Debug */ = {
			isa = XCBuildConfiguration;
			buildSettings = {
				CODE_SIGN_ENTITLEMENTS = WraptureExt/WraptureExt.entitlements;
				CODE_SIGN_STYLE = Automatic;
				COMBINE_HIDPI_IMAGES = YES;
				CURRENT_PROJECT_VERSION = 1;
				DEVELOPMENT_TEAM = T2D87DH5Q3;
				ENABLE_APP_SANDBOX = YES;
				ENABLE_HARDENED_RUNTIME = YES;
				GENERATE_INFOPLIST_FILE = YES;
				INFOPLIST_FILE = WraptureExt/Info.plist;
				INFOPLIST_KEY_CFBundleDisplayName = Wrapture;
				INFOPLIST_KEY_NSHumanReadableCopyright = "";
				LD_RUNPATH_SEARCH_PATHS = (
					"$(inherited)",
					"@executable_path/../Frameworks",
					"@executable_path/../../../../Frameworks",
				);
				MARKETING_VERSION = 1.0;
				PRODUCT_BUNDLE_IDENTIFIER = com.robanderson.Wrapture.WraptureExt;
				PRODUCT_NAME = "$(TARGET_NAME)";
				REGISTER_APP_GROUPS = YES;
				SKIP_INSTALL = YES;
				STRING_CATALOG_GENERATE_SYMBOLS = YES;
				SWIFT_APPROACHABLE_CONCURRENCY = YES;
				SWIFT_EMIT_LOC_STRINGS = YES;
				SWIFT_UPCOMING_FEATURE_MEMBER_IMPORT_VISIBILITY = YES;
				SWIFT_VERSION = 5.0;
			};
			name = Debug;
		};
		D45342D430545C0900A1AC1F /* Release */ = {
			isa = XCBuildConfiguration;
			buildSettings = {
				CODE_SIGN_ENTITLEMENTS = WraptureExt/WraptureExt.entitlements;
				CODE_SIGN_STYLE = Automatic;
				COMBINE_HIDPI_IMAGES = YES;
				CURRENT_PROJECT_VERSION = 1;
				DEVELOPMENT_TEAM = T2D87DH5Q3;
				ENABLE_APP_SANDBOX = YES;
				ENABLE_HARDENED_RUNTIME = YES;
				GENERATE_INFOPLIST_FILE = YES;
				INFOPLIST_FILE = WraptureExt/Info.plist;
				INFOPLIST_KEY_CFBundleDisplayName = Wrapture;
				INFOPLIST_KEY_NSHumanReadableCopyright = "";
				LD_RUNPATH_SEARCH_PATHS = (
					"$(inherited)",
					"@executable_path/../Frameworks",
					"@executable_path/../../../../Frameworks",
				);
				MARKETING_VERSION = 1.0;
				PRODUCT_BUNDLE_IDENTIFIER = com.robanderson.Wrapture.WraptureExt;
				PRODUCT_NAME = "$(TARGET_NAME)";
				REGISTER_APP_GROUPS = YES;
				SKIP_INSTALL = YES;
				STRING_CATALOG_GENERATE_SYMBOLS = YES;
				SWIFT_APPROACHABLE_CONCURRENCY = YES;
				SWIFT_EMIT_LOC_STRINGS = YES;
				SWIFT_UPCOMING_FEATURE_MEMBER_IMPORT_VISIBILITY = YES;
				SWIFT_VERSION = 5.0;
			};
			name = Release;
		};
		D45342E230545C9C00A1AC1F /* Debug */ = {
			isa = XCBuildConfiguration;
			buildSettings = {
				BUNDLE_LOADER = "$(TEST_HOST)";
				CODE_SIGN_STYLE = Automatic;
				CURRENT_PROJECT_VERSION = 1;
				DEVELOPMENT_TEAM = T2D87DH5Q3;
				GENERATE_INFOPLIST_FILE = YES;
				IPHONEOS_DEPLOYMENT_TARGET = 26.5;
				MACOSX_DEPLOYMENT_TARGET = 26.5;
				MARKETING_VERSION = 1.0;
				PRODUCT_BUNDLE_IDENTIFIER = com.robanderson.WraptureExtTests;
				PRODUCT_NAME = "$(TARGET_NAME)";
				SDKROOT = macosx;
				STRING_CATALOG_GENERATE_SYMBOLS = NO;
				SUPPORTED_PLATFORMS = macosx;
				SUPPORTS_MACCATALYST = NO;
				SWIFT_APPROACHABLE_CONCURRENCY = YES;
				SWIFT_EMIT_LOC_STRINGS = NO;
				SWIFT_UPCOMING_FEATURE_MEMBER_IMPORT_VISIBILITY = YES;
				SWIFT_VERSION = 5.0;
				TEST_HOST = "$(BUILT_PRODUCTS_DIR)/Wrapture.app/$(BUNDLE_EXECUTABLE_FOLDER_PATH)/Wrapture";
				XROS_DEPLOYMENT_TARGET = 26.5;
			};
			name = Debug;
		};
		D45342E330545C9C00A1AC1F /* Release */ = {
			isa = XCBuildConfiguration;
			buildSettings = {
				BUNDLE_LOADER = "$(TEST_HOST)";
				CODE_SIGN_STYLE = Automatic;
				CURRENT_PROJECT_VERSION = 1;
				DEVELOPMENT_TEAM = T2D87DH5Q3;
				GENERATE_INFOPLIST_FILE = YES;
				IPHONEOS_DEPLOYMENT_TARGET = 26.5;
				MACOSX_DEPLOYMENT_TARGET = 26.5;
				MARKETING_VERSION = 1.0;
				PRODUCT_BUNDLE_IDENTIFIER = com.robanderson.WraptureExtTests;
				PRODUCT_NAME = "$(TARGET_NAME)";
				SDKROOT = macosx;
				STRING_CATALOG_GENERATE_SYMBOLS = NO;
				SUPPORTED_PLATFORMS = macosx;
				SUPPORTS_MACCATALYST = NO;
				SWIFT_APPROACHABLE_CONCURRENCY = YES;
				SWIFT_EMIT_LOC_STRINGS = NO;
				SWIFT_UPCOMING_FEATURE_MEMBER_IMPORT_VISIBILITY = YES;
				SWIFT_VERSION = 5.0;
				TEST_HOST = "$(BUILT_PRODUCTS_DIR)/Wrapture.app/$(BUNDLE_EXECUTABLE_FOLDER_PATH)/Wrapture";
				XROS_DEPLOYMENT_TARGET = 26.5;
			};
			name = Release;
		};
/* End XCBuildConfiguration section */

/* Begin XCConfigurationList section */
		D44590B830545AF400D4522D /* Build configuration list for PBXProject "Wrapture" */ = {
			isa = XCConfigurationList;
			buildConfigurations = (
				D44590DC30545AF500D4522D /* Debug */,
				D44590DD30545AF500D4522D /* Release */,
			);
			defaultConfigurationIsVisible = 0;
			defaultConfigurationName = Release;
		};
		D44590DE30545AF500D4522D /* Build configuration list for PBXNativeTarget "Wrapture" */ = {
			isa = XCConfigurationList;
			buildConfigurations = (
				D44590DF30545AF500D4522D /* Debug */,
				D44590E030545AF500D4522D /* Release */,
			);
			defaultConfigurationIsVisible = 0;
			defaultConfigurationName = Release;
		};
		D45342D630545C0900A1AC1F /* Build configuration list for PBXNativeTarget "WraptureExt" */ = {
			isa = XCConfigurationList;
			buildConfigurations = (
				D45342D330545C0900A1AC1F /* Debug */,
				D45342D430545C0900A1AC1F /* Release */,
			);
			defaultConfigurationIsVisible = 0;
			defaultConfigurationName = Release;
		};
		D45342E130545C9C00A1AC1F /* Build configuration list for PBXNativeTarget "WraptureExtTests" */ = {
			isa = XCConfigurationList;
			buildConfigurations = (
				D45342E230545C9C00A1AC1F /* Debug */,
				D45342E330545C9C00A1AC1F /* Release */,
			);
			defaultConfigurationIsVisible = 0;
			defaultConfigurationName = Release;
		};
/* End XCConfigurationList section */
	};
	rootObject = D44590B530545AF400D4522D /* Project object */;
}
